
Microsoft Visual Studio Solution File, Format Version 12.00
# Visual Studio Version 16
VisualStudioVersion = 16.0.30907.101
MinimumVisualStudioVersion = 10.0.40219.1
Project("{FAE04EC0-301F-11D3-BF4B-00C04F79EFBC}") = "Coding Task 2", "Coding Task 2\Coding Task 2.csproj", "{02DB64EF-A2B4-4EBE-ABCD-4CF06EEF851D}"
EndProject
Global
	GlobalSection(SolutionConfigurationPlatforms) = preSolution
		Debug|Any CPU = Debug|Any CPU
		Release|Any CPU = Release|Any CPU
	EndGlobalSection
	GlobalSection(ProjectConfigurationPlatforms) = postSolution
		{02DB64EF-A2B4-4EBE-ABCD-4CF06EEF851D}.Debug|Any CPU.ActiveCfg = Debug|Any CPU
		{02DB64EF-A2B4-4EBE-ABCD-4CF06EEF851D}.Debug|Any CPU.Build.0 = Debug|Any CPU
		{02DB64EF-A2B4-4EBE-ABCD-4CF06EEF851D}.Release|Any CPU.ActiveCfg = Release|Any CPU
		{02DB64EF-A2B4-4EBE-ABCD-4CF06EEF851D}.Release|Any CPU.Build.0 = Release|Any CPU
	EndGlobalSection
	GlobalSection(SolutionProperties) = preSolution
		HideSolutionNode = FALSE
	EndGlobalSection
	GlobalSection(ExtensibilityGlobals) = postSolution
		SolutionGuid = {1DCAF713-5ACE-43E7-871E-DDDB21D13778}
	EndGlobalSection
EndGlobal
